
Microsoft Visual Studio Solution File, Format Version 12.00
# Visual Studio Version 16
VisualStudioVersion = 16.0.30804.86
MinimumVisualStudioVersion = 10.0.40219.1
Project("{FAE04EC0-301F-11D3-BF4B-00C04F79EFBC}") = "DZ_1_C_Vvedenie", "Dop_Home_Work\DZ_1_C_Vvedenie.csproj", "{664817A9-EE3E-4AF3-A6DE-D134760B689A}"
EndProject
Global
	GlobalSection(SolutionConfigurationPlatforms) = preSolution
		Debug|Any CPU = Debug|Any CPU
		Release|Any CPU = Release|Any CPU
	EndGlobalSection
	GlobalSection(ProjectConfigurationPlatforms) = postSolution
		{664817A9-EE3E-4AF3-A6DE-D134760B689A}.Debug|Any CPU.ActiveCfg = Debug|Any CPU
		{664817A9-EE3E-4AF3-A6DE-D134760B689A}.Debug|Any CPU.Build.0 = Debug|Any CPU
		{664817A9-EE3E-4AF3-A6DE-D134760B689A}.Release|Any CPU.ActiveCfg = Release|Any CPU
		{664817A9-EE3E-4AF3-A6DE-D134760B689A}.Release|Any CPU.Build.0 = Release|Any CPU
	EndGlobalSection
	GlobalSection(SolutionProperties) = preSolution
		HideSolutionNode = FALSE
	EndGlobalSection
	GlobalSection(ExtensibilityGlobals) = postSolution
		SolutionGuid = {EA8B072F-CF14-4407-89DD-FC7740597325}
	EndGlobalSection
EndGlobal
